
Microsoft Visual Studio Solution File, Format Version 12.00
# Visual Studio Version 16
VisualStudioVersion = 16.0.33927.289
MinimumVisualStudioVersion = 10.0.40219.1
Project("{FAE04EC0-301F-11D3-BF4B-00C04F79EFBC}") = "MilitarLogisticsAPI", "MilitarLogisticsAPI.csproj", "{1697385A-628B-4B59-97B9-DD38F3FDB85F}"
EndProject
Global
	GlobalSection(SolutionConfigurationPlatforms) = preSolution
		Debug|Any CPU = Debug|Any CPU
		Release|Any CPU = Release|Any CPU
	EndGlobalSection
	GlobalSection(ProjectConfigurationPlatforms) = postSolution
		{1697385A-628B-4B59-97B9-DD38F3FDB85F}.Debug|Any CPU.ActiveCfg = Debug|Any CPU
		{1697385A-628B-4B59-97B9-DD38F3FDB85F}.Debug|Any CPU.Build.0 = Debug|Any CPU
		{1697385A-628B-4B59-97B9-DD38F3FDB85F}.Release|Any CPU.ActiveCfg = Release|Any CPU
		{1697385A-628B-4B59-97B9-DD38F3FDB85F}.Release|Any CPU.Build.0 = Release|Any CPU
	EndGlobalSection
	GlobalSection(SolutionProperties) = preSolution
		HideSolutionNode = FALSE
	EndGlobalSection
	GlobalSection(ExtensibilityGlobals) = postSolution
		SolutionGuid = {94FE857B-915B-407A-BFA2-53984FAC3D9F}
	EndGlobalSection
EndGlobal
